// !$*UTF8*$!
{
	archiveVersion = 1;
	classes = {
	};
	objectVersion = 50;
	objects = {

/* Begin PBXBuildFile section */
		8B23D78620B5E4E1004D525A /* AppDelegate.swift in Sources */ = {isa = PBXBuildFile; fileRef = 8B23D78520B5E4E1004D525A /* AppDelegate.swift */; };
		8B23D78820B5E4E1004D525A /* art.scnassets in Resources */ = {isa = PBXBuildFile; fileRef = 8B23D78720B5E4E1004D525A /* art.scnassets */; };
		8B23D78A20B5E4E1004D525A /* ViewController.swift in Sources */ = {isa = PBXBuildFile; fileRef = 8B23D78920B5E4E1004D525A /* ViewController.swift */; };
		8B23D78D20B5E4E1004D525A /* Main.storyboard in Resources */ = {isa = PBXBuildFile; fileRef = 8B23D78B20B5E4E1004D525A /* Main.storyboard */; };
		8B23D78F20B5E4E3004D525A /* Assets.xcassets in Resources */ = {isa = PBXBuildFile; fileRef = 8B23D78E20B5E4E3004D525A /* Assets.xcassets */; };
		8B23D79220B5E4E3004D525A /* LaunchScreen.storyboard in Resources */ = {isa = PBXBuildFile; fileRef = 8B23D79020B5E4E3004D525A /* LaunchScreen.storyboard */; };
		8BE80A8520B726F0003238B1 /* CustomButtons.swift in Sources */ = {isa = PBXBuildFile; fileRef = 8BE80A8420B726F0003238B1 /* CustomButtons.swift */; };
/* End PBXBuildFile section */

/* Begin PBXFileReference section */
		8B23D78220B5E4E1004D525A /* Winter Basketball AR .app */ = {isa = PBXFileReference; explicitFileType = wrapper.application; includeInIndex = 0; path = "Winter Basketball AR .app"; sourceTree = BUILT_PRODUCTS_DIR; };
		8B23D78520B5E4E1004D525A /* AppDelegate.swift */ = {isa = PBXFileReference; lastKnownFileType = sourcecode.swift; path = AppDelegate.swift; sourceTree = "<group>"; };
		8B23D78720B5E4E1004D525A /* art.scnassets */ = {isa = PBXFileReference; lastKnownFileType = wrapper.scnassets; path = art.scnassets; sourceTree = "<group>"; };
		8B23D78920B5E4E1004D525A /* ViewController.swift */ = {isa = PBXFileReference; lastKnownFileType = sourcecode.swift; path = ViewController.swift; sourceTree = "<group>"; };
		8B23D78C20B5E4E1004D525A /* Base */ = {isa = PBXFileReference; lastKnownFileType = file.storyboard; name = Base; path = Base.lproj/Main.storyboard; sourceTree = "<group>"; };
		8B23D78E20B5E4E3004D525A /* Assets.xcassets */ = {isa = PBXFileReference; lastKnownFileType = folder.assetcatalog; path = Assets.xcassets; sourceTree = "<group>"; };
		8B23D79120B5E4E3004D525A /* Base */ = {isa = PBXFileReference; lastKnownFileType = file.storyboard; name = Base; path = Base.lproj/LaunchScreen.storyboard; sourceTree = "<group>"; };
		8B23D79320B5E4E3004D525A /* Info.plist */ = {isa = PBXFileReference; lastKnownFileType = text.plist.xml; path = Info.plist; sourceTree = "<group>"; };
		8BE80A8420B726F0003238B1 /* CustomButtons.swift */ = {isa = PBXFileReference; lastKnownFileType = sourcecode.swift; path = CustomButtons.swift; sourceTree = "<group>"; };
/* End PBXFileReference section */

/* Begin PBXFrameworksBuildPhase section */
		8B23D77F20B5E4E1004D525A /* Frameworks */ = {
			isa = PBXFrameworksBuildPhase;
			buildActionMask = 2147483647;
			files = (
			);
			runOnlyForDeploymentPostprocessing = 0;
		};
/* End PBXFrameworksBuildPhase section */

/* Begin PBXGroup section */
		8B23D77920B5E4E1004D525A = {
			isa = PBXGroup;
			children = (
				8B23D78420B5E4E1004D525A /* AR Basketball */,
				8B23D78320B5E4E1004D525A /* Products */,
			);
			sourceTree = "<group>";
		};
		8B23D78320B5E4E1004D525A /* Products */ = {
			isa = PBXGroup;
			children = (
				8B23D78220B5E4E1004D525A /* Winter Basketball AR .app */,
			);
			name = Products;
			sourceTree = "<group>";
		};
		8B23D78420B5E4E1004D525A /* AR Basketball */ = {
			isa = PBXGroup;
			children = (
				8B23D78520B5E4E1004D525A /* AppDelegate.swift */,
				8B23D78720B5E4E1004D525A /* art.scnassets */,
				8B23D78920B5E4E1004D525A /* ViewController.swift */,
				8B23D78B20B5E4E1004D525A /* Main.storyboard */,
				8B23D78E20B5E4E3004D525A /* Assets.xcassets */,
				8B23D79020B5E4E3004D525A /* LaunchScreen.storyboard */,
				8B23D79320B5E4E3004D525A /* Info.plist */,
				8BE80A8420B726F0003238B1 /* CustomButtons.swift */,
			);
			path = "AR Basketball";
			sourceTree = "<group>";
		};
/* End PBXGroup section */

/* Begin PBXNativeTarget section */
		8B23D78120B5E4E1004D525A /* Winter Basketball AR  */ = {
			isa = PBXNativeTarget;
			buildConfigurationList = 8B23D79620B5E4E3004D525A /* Build configuration list for PBXNativeTarget "Winter Basketball AR " */;
			buildPhases = (
				8B23D77E20B5E4E1004D525A /* Sources */,
				8B23D77F20B5E4E1004D525A /* Frameworks */,
				8B23D78020B5E4E1004D525A /* Resources */,
			);
			buildRules = (
			);
			dependencies = (
			);
			name = "Winter Basketball AR ";
			productName = "AR Basketball";
			productReference = 8B23D78220B5E4E1004D525A /* Winter Basketball AR .app */;
			productType = "com.apple.product-type.application";
		};
/* End PBXNativeTarget section */

/* Begin PBXProject section */
		8B23D77A20B5E4E1004D525A /* Project object */ = {
			isa = PBXProject;
			attributes = {
				LastSwiftUpdateCheck = 0930;
				LastUpgradeCheck = 0930;
				ORGANIZATIONNAME = "Vladislav Vitsenets";
				TargetAttributes = {
					8B23D78120B5E4E1004D525A = {
						CreatedOnToolsVersion = 9.3.1;
					};
				};
			};
			buildConfigurationList = 8B23D77D20B5E4E1004D525A /* Build configuration list for PBXProject "Winter Basketball AR " */;
			compatibilityVersion = "Xcode 9.3";
			developmentRegion = en;
			hasScannedForEncodings = 0;
			knownRegions = (
				en,
				Base,
			);
			mainGroup = 8B23D77920B5E4E1004D525A;
			productRefGroup = 8B23D78320B5E4E1004D525A /* Products */;
			projectDirPath = "";
			projectRoot = "";
			targets = (
				8B23D78120B5E4E1004D525A /* Winter Basketball AR  */,
			);
		};
/* End PBXProject section */

/* Begin PBXResourcesBuildPhase section */
		8B23D78020B5E4E1004D525A /* Resources */ = {
			isa = PBXResourcesBuildPhase;
			buildActionMask = 2147483647;
			files = (
				8B23D78820B5E4E1004D525A /* art.scnassets in Resources */,
				8B23D79220B5E4E3004D525A /* LaunchScreen.storyboard in Resources */,
				8B23D78F20B5E4E3004D525A /* Assets.xcassets in Resources */,
				8B23D78D20B5E4E1004D525A /* Main.storyboard in Resources */,
			);
			runOnlyForDeploymentPostprocessing = 0;
		};
/* End PBXResourcesBuildPhase section */

/* Begin PBXSourcesBuildPhase section */
		8B23D77E20B5E4E1004D525A /* Sources */ = {
			isa = PBXSourcesBuildPhase;
			buildActionMask = 2147483647;
			files = (
				8B23D78A20B5E4E1004D525A /* ViewController.swift in Sources */,
				8BE80A8520B726F0003238B1 /* CustomButtons.swift in Sources */,
				8B23D78620B5E4E1004D525A /* AppDelegate.swift in Sources */,
			);
			runOnlyForDeploymentPostprocessing = 0;
		};
/* End PBXSourcesBuildPhase section */

/* Begin PBXVariantGroup section */
		8B23D78B20B5E4E1004D525A /* Main.storyboard */ = {
			isa = PBXVariantGroup;
			children = (
				8B23D78C20B5E4E1004D525A /* Base */,
			);
			name = Main.storyboard;
			sourceTree = "<group>";
		};
		8B23D79020B5E4E3004D525A /* LaunchScreen.storyboard */ = {
			isa = PBXVariantGroup;
			children = (
				8B23D79120B5E4E3004D525A /* Base */,
			);
			name = LaunchScreen.storyboard;
			sourceTree = "<group>";
		};
/* End PBXVariantGroup section */

/* Begin XCBuildConfiguration section */
		8B23D79420B5E4E3004D525A /* Debug */ = {
			isa = XCBuildConfiguration;
			buildSettings = {
				ALWAYS_SEARCH_USER_PATHS = NO;
				CLANG_ANALYZER_NONNULL = YES;
				CLANG_ANALYZER_NUMBER_OBJECT_CONVERSION = YES_AGGRESSIVE;
				CLANG_CXX_LANGUAGE_STANDARD = "gnu++14";
				CLANG_CXX_LIBRARY = "libc++";
				CLANG_ENABLE_MODULES = YES;
				CLANG_ENABLE_OBJC_ARC = YES;
				CLANG_ENABLE_OBJC_WEAK = YES;
				CLANG_WARN_BLOCK_CAPTURE_AUTORELEASING = YES;
				CLANG_WARN_BOOL_CONVERSION = YES;
				CLANG_WARN_COMMA = YES;
				CLANG_WARN_CONSTANT_CONVERSION = YES;
				CLANG_WARN_DEPRECATED_OBJC_IMPLEMENTATIONS = YES;
				CLANG_WARN_DIRECT_OBJC_ISA_USAGE = YES_ERROR;
				CLANG_WARN_DOCUMENTATION_COMMENTS = YES;
				CLANG_WARN_EMPTY_BODY = YES;
				CLANG_WARN_ENUM_CONVERSION = YES;
				CLANG_WARN_INFINITE_RECURSION = YES;
				CLANG_WARN_INT_CONVERSION = YES;
				CLANG_WARN_NON_LITERAL_NULL_CONVERSION = YES;
				CLANG_WARN_OBJC_IMPLICIT_RETAIN_SELF = YES;
				CLANG_WARN_OBJC_LITERAL_CONVERSION = YES;
				CLANG_WARN_OBJC_ROOT_CLASS = YES_ERROR;
				CLANG_WARN_RANGE_LOOP_ANALYSIS = YES;
				CLANG_WARN_STRICT_PROTOTYPES = YES;
				CLANG_WARN_SUSPICIOUS_MOVE = YES;
				CLANG_WARN_UNGUARDED_AVAILABILITY = YES_AGGRESSIVE;
				CLANG_WARN_UNREACHABLE_CODE = YES;
				CLANG_WARN__DUPLICATE_METHOD_MATCH = YES;
				CODE_SIGN_IDENTITY = "iPhone Developer";
				COPY_PHASE_STRIP = NO;
				DEBUG_INFORMATION_FORMAT = dwarf;
				ENABLE_STRICT_OBJC_MSGSEND = YES;
				ENABLE_TESTABILITY = YES;
				GCC_C_LANGUAGE_STANDARD = gnu11;
				GCC_DYNAMIC_NO_PIC = NO;
				GCC_NO_COMMON_BLOCKS = YES;
				GCC_OPTIMIZATION_LEVEL = 0;
				GCC_PREPROCESSOR_DEFINITIONS = (
					"DEBUG=1",
					"$(inherited)",
				);
				GCC_WARN_64_TO_32_BIT_CONVERSION = YES;
				GCC_WARN_ABOUT_RETURN_TYPE = YES_ERROR;
				GCC_WARN_UNDECLARED_SELECTOR = YES;
				GCC_WARN_UNINITIALIZED_AUTOS = YES_AGGRESSIVE;
				GCC_WARN_UNUSED_FUNCTION = YES;
				GCC_WARN_UNUSED_VARIABLE = YES;
				IPHONEOS_DEPLOYMENT_TARGET = 11.3;
				MTL_ENABLE_DEBUG_INFO = YES;
				ONLY_ACTIVE_ARCH = YES;
				SDKROOT = iphoneos;
				SWIFT_ACTIVE_COMPILATION_CONDITIONS = DEBUG;
				SWIFT_OPTIMIZATION_LEVEL = "-Onone";
			};
			name = Debug;
		};
		8B23D79520B5E4E3004D525A /* Release */ = {
			isa = XCBuildConfiguration;
			buildSettings = {
				ALWAYS_SEARCH_USER_PATHS = NO;
				CLANG_ANALYZER_NONNULL = YES;
				CLANG_ANALYZER_NUMBER_OBJECT_CONVERSION = YES_AGGRESSIVE;
				CLANG_CXX_LANGUAGE_STANDARD = "gnu++14";
				CLANG_CXX_LIBRARY = "libc++";
				CLANG_ENABLE_MODULES = YES;
				CLANG_ENABLE_OBJC_ARC = YES;
				CLANG_ENABLE_OBJC_WEAK = YES;
				CLANG_WARN_BLOCK_CAPTURE_AUTORELEASING = YES;
				CLANG_WARN_BOOL_CONVERSION = YES;
				CLANG_WARN_COMMA = YES;
				CLANG_WARN_CONSTANT_CONVERSION = YES;
				CLANG_WARN_DEPRECATED_OBJC_IMPLEMENTATIONS = YES;
				CLANG_WARN_DIRECT_OBJC_ISA_USAGE = YES_ERROR;
				CLANG_WARN_DOCUMENTATION_COMMENTS = YES;
				CLANG_WARN_EMPTY_BODY = YES;
				CLANG_WARN_ENUM_CONVERSION = YES;
				CLANG_WARN_INFINITE_RECURSION = YES;
				CLANG_WARN_INT_CONVERSION = YES;
				CLANG_WARN_NON_LITERAL_NULL_CONVERSION = YES;
				CLANG_WARN_OBJC_IMPLICIT_RETAIN_SELF = YES;
				CLANG_WARN_OBJC_LITERAL_CONVERSION = YES;
				CLANG_WARN_OBJC_ROOT_CLASS = YES_ERROR;
				CLANG_WARN_RANGE_LOOP_ANALYSIS = YES;
				CLANG_WARN_STRICT_PROTOTYPES = YES;
				CLANG_WARN_SUSPICIOUS_MOVE = YES;
				CLANG_WARN_UNGUARDED_AVAILABILITY = YES_AGGRESSIVE;
				CLANG_WARN_UNREACHABLE_CODE = YES;
				CLANG_WARN__DUPLICATE_METHOD_MATCH = YES;
				CODE_SIGN_IDENTITY = "iPhone Developer";
				COPY_PHASE_STRIP = NO;
				DEBUG_INFORMATION_FORMAT = "dwarf-with-dsym";
				ENABLE_NS_ASSERTIONS = NO;
				ENABLE_STRICT_OBJC_MSGSEND = YES;
				GCC_C_LANGUAGE_STANDARD = gnu11;
				GCC_NO_COMMON_BLOCKS = YES;
				GCC_WARN_64_TO_32_BIT_CONVERSION = YES;
				GCC_WARN_ABOUT_RETURN_TYPE = YES_ERROR;
				GCC_WARN_UNDECLARED_SELECTOR = YES;
				GCC_WARN_UNINITIALIZED_AUTOS = YES_AGGRESSIVE;
				GCC_WARN_UNUSED_FUNCTION = YES;
				GCC_WARN_UNUSED_VARIABLE = YES;
				IPHONEOS_DEPLOYMENT_TARGET = 11.3;
				MTL_ENABLE_DEBUG_INFO = NO;
				SDKROOT = iphoneos;
				SWIFT_COMPILATION_MODE = wholemodule;
				SWIFT_OPTIMIZATION_LEVEL = "-O";
				VALIDATE_PRODUCT = YES;
			};
			name = Release;
		};
		8B23D79720B5E4E3004D525A /* Debug */ = {
			isa = XCBuildConfiguration;
			buildSettings = {
				ASSETCATALOG_COMPILER_APPICON_NAME = AppIcon;
				CODE_SIGN_STYLE = Automatic;
				DEVELOPMENT_TEAM = JXJQ3ZP9UV;
				INFOPLIST_FILE = "AR Basketball/Info.plist";
				LD_RUNPATH_SEARCH_PATHS = (
					"$(inherited)",
					"@executable_path/Frameworks",
				);
				PRODUCT_BUNDLE_IDENTIFIER = com.stevenhedges.ARBasketball;
				PRODUCT_NAME = "$(TARGET_NAME)";
				SWIFT_VERSION = 4.0;
				TARGETED_DEVICE_FAMILY = "1,2";
			};
			name = Debug;
		};
		8B23D79820B5E4E3004D525A /* Release */ = {
			isa = XCBuildConfiguration;
			buildSettings = {
				ASSETCATALOG_COMPILER_APPICON_NAME = AppIcon;
				CODE_SIGN_STYLE = Automatic;
				DEVELOPMENT_TEAM = JXJQ3ZP9UV;
				INFOPLIST_FILE = "AR Basketball/Info.plist";
				LD_RUNPATH_SEARCH_PATHS = (
					"$(inherited)",
					"@executable_path/Frameworks",
				);
				PRODUCT_BUNDLE_IDENTIFIER = com.vvitsenets.xmasball;
				PRODUCT_NAME = "$(TARGET_NAME)";
				SWIFT_VERSION = 4.0;
				TARGETED_DEVICE_FAMILY = "1,2";
			};
			name = Release;
		};
/* End XCBuildConfiguration section */

/* Begin XCConfigurationList section */
		8B23D77D20B5E4E1004D525A /* Build configuration list for PBXProject "Winter Basketball AR " */ = {
			isa = XCConfigurationList;
			buildConfigurations = (
				8B23D79420B5E4E3004D525A /* Debug */,
				8B23D79520B5E4E3004D525A /* Release */,
			);
			defaultConfigurationIsVisible = 0;
			defaultConfigurationName = Release;
		};
		8B23D79620B5E4E3004D525A /* Build configuration list for PBXNativeTarget "Winter Basketball AR " */ = {
			isa = XCConfigurationList;
			buildConfigurations = (
				8B23D79720B5E4E3004D525A /* Debug */,
				8B23D79820B5E4E3004D525A /* Release */,
			);
			defaultConfigurationIsVisible = 0;
			defaultConfigurationName = Release;
		};
/* End XCConfigurationList section */
	};
	rootObject = 8B23D77A20B5E4E1004D525A /* Project object */;
}
